
Microsoft Visual Studio Solution File, Format Version 12.00
# Visual Studio Version 17
VisualStudioVersion = 17.1.32210.238
MinimumVisualStudioVersion = 10.0.40219.1
Project("{9A19103F-16F7-4668-BE54-9A1E7A4F7556}") = "cryptoTest", "cryptoTest\cryptoTest.csproj", "{B08F5E54-4456-4DD6-83FF-B4B8A5A0D6FF}"
EndProject
Project("{FAE04EC0-301F-11D3-BF4B-00C04F79EFBC}") = "crypto", "crypto\crypto.csproj", "{D4E28A44-86A1-48BB-8206-C72CECFB7B13}"
EndProject
Global
	GlobalSection(SolutionConfigurationPlatforms) = preSolution
		Debug|Any CPU = Debug|Any CPU
		Release|Any CPU = Release|Any CPU
	EndGlobalSection
	GlobalSection(ProjectConfigurationPlatforms) = postSolution
		{B08F5E54-4456-4DD6-83FF-B4B8A5A0D6FF}.Debug|Any CPU.ActiveCfg = Debug|Any CPU
		{B08F5E54-4456-4DD6-83FF-B4B8A5A0D6FF}.Debug|Any CPU.Build.0 = Debug|Any CPU
		{B08F5E54-4456-4DD6-83FF-B4B8A5A0D6FF}.Release|Any CPU.ActiveCfg = Release|Any CPU
		{B08F5E54-4456-4DD6-83FF-B4B8A5A0D6FF}.Release|Any CPU.Build.0 = Release|Any CPU
		{D4E28A44-86A1-48BB-8206-C72CECFB7B13}.Debug|Any CPU.ActiveCfg = Debug|Any CPU
		{D4E28A44-86A1-48BB-8206-C72CECFB7B13}.Debug|Any CPU.Build.0 = Debug|Any CPU
		{D4E28A44-86A1-48BB-8206-C72CECFB7B13}.Release|Any CPU.ActiveCfg = Release|Any CPU
		{D4E28A44-86A1-48BB-8206-C72CECFB7B13}.Release|Any CPU.Build.0 = Release|Any CPU
	EndGlobalSection
	GlobalSection(SolutionProperties) = preSolution
		HideSolutionNode = FALSE
	EndGlobalSection
	GlobalSection(ExtensibilityGlobals) = postSolution
		SolutionGuid = {6A369713-C908-48D5-8F8E-4F254BAEC363}
	EndGlobalSection
EndGlobal
